
Microsoft Visual Studio Solution File, Format Version 12.00
# Visual Studio Version 17
VisualStudioVersion = 17.11.35312.102
MinimumVisualStudioVersion = 10.0.40219.1
Project("{FAE04EC0-301F-11D3-BF4B-00C04F79EFBC}") = "Yemek_Uygulama", "Yemek_Uygulama\Yemek_Uygulama.csproj", "{1F8E5EE4-4324-4CEA-A6B0-22688B7FAB3A}"
EndProject
Global
	GlobalSection(SolutionConfigurationPlatforms) = preSolution
		Debug|Any CPU = Debug|Any CPU
		Release|Any CPU = Release|Any CPU
	EndGlobalSection
	GlobalSection(ProjectConfigurationPlatforms) = postSolution
		{1F8E5EE4-4324-4CEA-A6B0-22688B7FAB3A}.Debug|Any CPU.ActiveCfg = Debug|Any CPU
		{1F8E5EE4-4324-4CEA-A6B0-22688B7FAB3A}.Debug|Any CPU.Build.0 = Debug|Any CPU
		{1F8E5EE4-4324-4CEA-A6B0-22688B7FAB3A}.Release|Any CPU.ActiveCfg = Release|Any CPU
		{1F8E5EE4-4324-4CEA-A6B0-22688B7FAB3A}.Release|Any CPU.Build.0 = Release|Any CPU
	EndGlobalSection
	GlobalSection(SolutionProperties) = preSolution
		HideSolutionNode = FALSE
	EndGlobalSection
	GlobalSection(ExtensibilityGlobals) = postSolution
		SolutionGuid = {6E2AF2BC-B522-474C-9C06-3037D3BBE321}
	EndGlobalSection
EndGlobal
